# THIS IS AN AUTOGENERATED FILE. DO NOT EDIT THIS FILE DIRECTLY.
# yarn lockfile v1


riso-colors@^1.0.1:
  version "1.0.1"
  resolved "https://registry.yarnpkg.com/riso-colors/-/riso-colors-1.0.1.tgz#9352b1524625f0d5641aea4a8630c4fee94f4473"
  integrity sha512-foLj2eUiyft2hOe7PzsT9qcT+zLnkw3pGesPQv6JG93OJ0+1J0fdCwdtwxDDCqnYDdgRatKbrb0qhB95vhZ2wQ==
